// !$*UTF8*$!
{
	archiveVersion = 1;
	classes = {
	};
	objectVersion = 50;
	objects = {

/* Begin PBXBuildFile section */
		1833508A24CF33F7006D55F4 /* AppDelegate.swift in Sources */ = {isa = PBXBuildFile; fileRef = 1833508924CF33F7006D55F4 /* AppDelegate.swift */; };
		1833508C24CF33F8006D55F4 /* SceneDelegate.swift in Sources */ = {isa = PBXBuildFile; fileRef = 1833508B24CF33F8006D55F4 /* SceneDelegate.swift */; };
		1833508E24CF33F8006D55F4 /* ViewController.swift in Sources */ = {isa = PBXBuildFile; fileRef = 1833508D24CF33F8006D55F4 /* ViewController.swift */; };
		1833509124CF33F8006D55F4 /* Main.storyboard in Resources */ = {isa = PBXBuildFile; fileRef = 1833508F24CF33F8006D55F4 /* Main.storyboard */; };
		1833509424CF33F8006D55F4 /* Message_App__tryout_.xcdatamodeld in Sources */ = {isa = PBXBuildFile; fileRef = 1833509224CF33F8006D55F4 /* Message_App__tryout_.xcdatamodeld */; };
		1833509624CF33FB006D55F4 /* Assets.xcassets in Resources */ = {isa = PBXBuildFile; fileRef = 1833509524CF33FB006D55F4 /* Assets.xcassets */; };
		1833509924CF33FB006D55F4 /* LaunchScreen.storyboard in Resources */ = {isa = PBXBuildFile; fileRef = 1833509724CF33FB006D55F4 /* LaunchScreen.storyboard */; };
		183350A424CF33FB006D55F4 /* Message_App__tryout_Tests.swift in Sources */ = {isa = PBXBuildFile; fileRef = 183350A324CF33FB006D55F4 /* Message_App__tryout_Tests.swift */; };
		183350AF24CF33FB006D55F4 /* Message_App__tryout_UITests.swift in Sources */ = {isa = PBXBuildFile; fileRef = 183350AE24CF33FB006D55F4 /* Message_App__tryout_UITests.swift */; };
/* End PBXBuildFile section */

/* Begin PBXContainerItemProxy section */
		183350A024CF33FB006D55F4 /* PBXContainerItemProxy */ = {
			isa = PBXContainerItemProxy;
			containerPortal = 1833507E24CF33F7006D55F4 /* Project object */;
			proxyType = 1;
			remoteGlobalIDString = 1833508524CF33F7006D55F4;
			remoteInfo = "Message App (tryout)";
		};
		183350AB24CF33FB006D55F4 /* PBXContainerItemProxy */ = {
			isa = PBXContainerItemProxy;
			containerPortal = 1833507E24CF33F7006D55F4 /* Project object */;
			proxyType = 1;
			remoteGlobalIDString = 1833508524CF33F7006D55F4;
			remoteInfo = "Message App (tryout)";
		};
/* End PBXContainerItemProxy section */

/* Begin PBXFileReference section */
		1833508624CF33F7006D55F4 /* Message App (tryout).app */ = {isa = PBXFileReference; explicitFileType = wrapper.application; includeInIndex = 0; path = "Message App (tryout).app"; sourceTree = BUILT_PRODUCTS_DIR; };
		1833508924CF33F7006D55F4 /* AppDelegate.swift */ = {isa = PBXFileReference; lastKnownFileType = sourcecode.swift; path = AppDelegate.swift; sourceTree = "<group>"; };
		1833508B24CF33F8006D55F4 /* SceneDelegate.swift */ = {isa = PBXFileReference; lastKnownFileType = sourcecode.swift; path = SceneDelegate.swift; sourceTree = "<group>"; };
		1833508D24CF33F8006D55F4 /* ViewController.swift */ = {isa = PBXFileReference; lastKnownFileType = sourcecode.swift; path = ViewController.swift; sourceTree = "<group>"; };
		1833509024CF33F8006D55F4 /* Base */ = {isa = PBXFileReference; lastKnownFileType = file.storyboard; name = Base; path = Base.lproj/Main.storyboard; sourceTree = "<group>"; };
		1833509324CF33F8006D55F4 /* Message_App__tryout_.xcdatamodel */ = {isa = PBXFileReference; lastKnownFileType = wrapper.xcdatamodel; path = Message_App__tryout_.xcdatamodel; sourceTree = "<group>"; };
		1833509524CF33FB006D55F4 /* Assets.xcassets */ = {isa = PBXFileReference; lastKnownFileType = folder.assetcatalog; path = Assets.xcassets; sourceTree = "<group>"; };
		1833509824CF33FB006D55F4 /* Base */ = {isa = PBXFileReference; lastKnownFileType = file.storyboard; name = Base; path = Base.lproj/LaunchScreen.storyboard; sourceTree = "<group>"; };
		1833509A24CF33FB006D55F4 /* Info.plist */ = {isa = PBXFileReference; lastKnownFileType = text.plist.xml; path = Info.plist; sourceTree = "<group>"; };
		1833509F24CF33FB006D55F4 /* Message App (tryout)Tests.xctest */ = {isa = PBXFileReference; explicitFileType = wrapper.cfbundle; includeInIndex = 0; path = "Message App (tryout)Tests.xctest"; sourceTree = BUILT_PRODUCTS_DIR; };
		183350A324CF33FB006D55F4 /* Message_App__tryout_Tests.swift */ = {isa = PBXFileReference; lastKnownFileType = sourcecode.swift; path = Message_App__tryout_Tests.swift; sourceTree = "<group>"; };
		183350A524CF33FB006D55F4 /* Info.plist */ = {isa = PBXFileReference; lastKnownFileType = text.plist.xml; path = Info.plist; sourceTree = "<group>"; };
		183350AA24CF33FB006D55F4 /* Message App (tryout)UITests.xctest */ = {isa = PBXFileReference; explicitFileType = wrapper.cfbundle; includeInIndex = 0; path = "Message App (tryout)UITests.xctest"; sourceTree = BUILT_PRODUCTS_DIR; };
		183350AE24CF33FB006D55F4 /* Message_App__tryout_UITests.swift */ = {isa = PBXFileReference; lastKnownFileType = sourcecode.swift; path = Message_App__tryout_UITests.swift; sourceTree = "<group>"; };
		183350B024CF33FB006D55F4 /* Info.plist */ = {isa = PBXFileReference; lastKnownFileType = text.plist.xml; path = Info.plist; sourceTree = "<group>"; };
/* End PBXFileReference section */

/* Begin PBXFrameworksBuildPhase section */
		1833508324CF33F7006D55F4 /* Frameworks */ = {
			isa = PBXFrameworksBuildPhase;
			buildActionMask = 2147483647;
			files = (
			);
			runOnlyForDeploymentPostprocessing = 0;
		};
		1833509C24CF33FB006D55F4 /* Frameworks */ = {
			isa = PBXFrameworksBuildPhase;
			buildActionMask = 2147483647;
			files = (
			);
			runOnlyForDeploymentPostprocessing = 0;
		};
		183350A724CF33FB006D55F4 /* Frameworks */ = {
			isa = PBXFrameworksBuildPhase;
			buildActionMask = 2147483647;
			files = (
			);
			runOnlyForDeploymentPostprocessing = 0;
		};
/* End PBXFrameworksBuildPhase section */

/* Begin PBXGroup section */
		1833507D24CF33F7006D55F4 = {
			isa = PBXGroup;
			children = (
				1833508824CF33F7006D55F4 /* Message App (tryout) */,
				183350A224CF33FB006D55F4 /* Message App (tryout)Tests */,
				183350AD24CF33FB006D55F4 /* Message App (tryout)UITests */,
				1833508724CF33F7006D55F4 /* Products */,
			);
			sourceTree = "<group>";
		};
		1833508724CF33F7006D55F4 /* Products */ = {
			isa = PBXGroup;
			children = (
				1833508624CF33F7006D55F4 /* Message App (tryout).app */,
				1833509F24CF33FB006D55F4 /* Message App (tryout)Tests.xctest */,
				183350AA24CF33FB006D55F4 /* Message App (tryout)UITests.xctest */,
			);
			name = Products;
			sourceTree = "<group>";
		};
		1833508824CF33F7006D55F4 /* Message App (tryout) */ = {
			isa = PBXGroup;
			children = (
				1833508924CF33F7006D55F4 /* AppDelegate.swift */,
				1833508B24CF33F8006D55F4 /* SceneDelegate.swift */,
				1833508D24CF33F8006D55F4 /* ViewController.swift */,
				1833508F24CF33F8006D55F4 /* Main.storyboard */,
				1833509524CF33FB006D55F4 /* Assets.xcassets */,
				1833509724CF33FB006D55F4 /* LaunchScreen.storyboard */,
				1833509A24CF33FB006D55F4 /* Info.plist */,
				1833509224CF33F8006D55F4 /* Message_App__tryout_.xcdatamodeld */,
			);
			path = "Message App (tryout)";
			sourceTree = "<group>";
		};
		183350A224CF33FB006D55F4 /* Message App (tryout)Tests */ = {
			isa = PBXGroup;
			children = (
				183350A324CF33FB006D55F4 /* Message_App__tryout_Tests.swift */,
				183350A524CF33FB006D55F4 /* Info.plist */,
			);
			path = "Message App (tryout)Tests";
			sourceTree = "<group>";
		};
		183350AD24CF33FB006D55F4 /* Message App (tryout)UITests */ = {
			isa = PBXGroup;
			children = (
				183350AE24CF33FB006D55F4 /* Message_App__tryout_UITests.swift */,
				183350B024CF33FB006D55F4 /* Info.plist */,
			);
			path = "Message App (tryout)UITests";
			sourceTree = "<group>";
		};
/* End PBXGroup section */

/* Begin PBXNativeTarget section */
		1833508524CF33F7006D55F4 /* Message App (tryout) */ = {
			isa = PBXNativeTarget;
			buildConfigurationList = 183350B324CF33FB006D55F4 /* Build configuration list for PBXNativeTarget "Message App (tryout)" */;
			buildPhases = (
				1833508224CF33F7006D55F4 /* Sources */,
				1833508324CF33F7006D55F4 /* Frameworks */,
				1833508424CF33F7006D55F4 /* Resources */,
			);
			buildRules = (
			);
			dependencies = (
			);
			name = "Message App (tryout)";
			productName = "Message App (tryout)";
			productReference = 1833508624CF33F7006D55F4 /* Message App (tryout).app */;
			productType = "com.apple.product-type.application";
		};
		1833509E24CF33FB006D55F4 /* Message App (tryout)Tests */ = {
			isa = PBXNativeTarget;
			buildConfigurationList = 183350B624CF33FB006D55F4 /* Build configuration list for PBXNativeTarget "Message App (tryout)Tests" */;
			buildPhases = (
				1833509B24CF33FB006D55F4 /* Sources */,
				1833509C24CF33FB006D55F4 /* Frameworks */,
				1833509D24CF33FB006D55F4 /* Resources */,
			);
			buildRules = (
			);
			dependencies = (
				183350A124CF33FB006D55F4 /* PBXTargetDependency */,
			);
			name = "Message App (tryout)Tests";
			productName = "Message App (tryout)Tests";
			productReference = 1833509F24CF33FB006D55F4 /* Message App (tryout)Tests.xctest */;
			productType = "com.apple.product-type.bundle.unit-test";
		};
		183350A924CF33FB006D55F4 /* Message App (tryout)UITests */ = {
			isa = PBXNativeTarget;
			buildConfigurationList = 183350B924CF33FB006D55F4 /* Build configuration list for PBXNativeTarget "Message App (tryout)UITests" */;
			buildPhases = (
				183350A624CF33FB006D55F4 /* Sources */,
				183350A724CF33FB006D55F4 /* Frameworks */,
				183350A824CF33FB006D55F4 /* Resources */,
			);
			buildRules = (
			);
			dependencies = (
				183350AC24CF33FB006D55F4 /* PBXTargetDependency */,
			);
			name = "Message App (tryout)UITests";
			productName = "Message App (tryout)UITests";
			productReference = 183350AA24CF33FB006D55F4 /* Message App (tryout)UITests.xctest */;
			productType = "com.apple.product-type.bundle.ui-testing";
		};
/* End PBXNativeTarget section */

/* Begin PBXProject section */
		1833507E24CF33F7006D55F4 /* Project object */ = {
			isa = PBXProject;
			attributes = {
				LastSwiftUpdateCheck = 1150;
				LastUpgradeCheck = 1150;
				ORGANIZATIONNAME = "Kailah Boston";
				TargetAttributes = {
					1833508524CF33F7006D55F4 = {
						CreatedOnToolsVersion = 11.5;
					};
					1833509E24CF33FB006D55F4 = {
						CreatedOnToolsVersion = 11.5;
						TestTargetID = 1833508524CF33F7006D55F4;
					};
					183350A924CF33FB006D55F4 = {
						CreatedOnToolsVersion = 11.5;
						TestTargetID = 1833508524CF33F7006D55F4;
					};
				};
			};
			buildConfigurationList = 1833508124CF33F7006D55F4 /* Build configuration list for PBXProject "Message App (tryout)" */;
			compatibilityVersion = "Xcode 9.3";
			developmentRegion = en;
			hasScannedForEncodings = 0;
			knownRegions = (
				en,
				Base,
			);
			mainGroup = 1833507D24CF33F7006D55F4;
			productRefGroup = 1833508724CF33F7006D55F4 /* Products */;
			projectDirPath = "";
			projectRoot = "";
			targets = (
				1833508524CF33F7006D55F4 /* Message App (tryout) */,
				1833509E24CF33FB006D55F4 /* Message App (tryout)Tests */,
				183350A924CF33FB006D55F4 /* Message App (tryout)UITests */,
			);
		};
/* End PBXProject section */

/* Begin PBXResourcesBuildPhase section */
		1833508424CF33F7006D55F4 /* Resources */ = {
			isa = PBXResourcesBuildPhase;
			buildActionMask = 2147483647;
			files = (
				1833509924CF33FB006D55F4 /* LaunchScreen.storyboard in Resources */,
				1833509624CF33FB006D55F4 /* Assets.xcassets in Resources */,
				1833509124CF33F8006D55F4 /* Main.storyboard in Resources */,
			);
			runOnlyForDeploymentPostprocessing = 0;
		};
		1833509D24CF33FB006D55F4 /* Resources */ = {
			isa = PBXResourcesBuildPhase;
			buildActionMask = 2147483647;
			files = (
			);
			runOnlyForDeploymentPostprocessing = 0;
		};
		183350A824CF33FB006D55F4 /* Resources */ = {
			isa = PBXResourcesBuildPhase;
			buildActionMask = 2147483647;
			files = (
			);
			runOnlyForDeploymentPostprocessing = 0;
		};
/* End PBXResourcesBuildPhase section */

/* Begin PBXSourcesBuildPhase section */
		1833508224CF33F7006D55F4 /* Sources */ = {
			isa = PBXSourcesBuildPhase;
			buildActionMask = 2147483647;
			files = (
				1833508E24CF33F8006D55F4 /* ViewController.swift in Sources */,
				1833508A24CF33F7006D55F4 /* AppDelegate.swift in Sources */,
				1833509424CF33F8006D55F4 /* Message_App__tryout_.xcdatamodeld in Sources */,
				1833508C24CF33F8006D55F4 /* SceneDelegate.swift in Sources */,
			);
			runOnlyForDeploymentPostprocessing = 0;
		};
		1833509B24CF33FB006D55F4 /* Sources */ = {
			isa = PBXSourcesBuildPhase;
			buildActionMask = 2147483647;
			files = (
				183350A424CF33FB006D55F4 /* Message_App__tryout_Tests.swift in Sources */,
			);
			runOnlyForDeploymentPostprocessing = 0;
		};
		183350A624CF33FB006D55F4 /* Sources */ = {
			isa = PBXSourcesBuildPhase;
			buildActionMask = 2147483647;
			files = (
				183350AF24CF33FB006D55F4 /* Message_App__tryout_UITests.swift in Sources */,
			);
			runOnlyForDeploymentPostprocessing = 0;
		};
/* End PBXSourcesBuildPhase section */

/* Begin PBXTargetDependency section */
		183350A124CF33FB006D55F4 /* PBXTargetDependency */ = {
			isa = PBXTargetDependency;
			target = 1833508524CF33F7006D55F4 /* Message App (tryout) */;
			targetProxy = 183350A024CF33FB006D55F4 /* PBXContainerItemProxy */;
		};
		183350AC24CF33FB006D55F4 /* PBXTargetDependency */ = {
			isa = PBXTargetDependency;
			target = 1833508524CF33F7006D55F4 /* Message App (tryout) */;
			targetProxy = 183350AB24CF33FB006D55F4 /* PBXContainerItemProxy */;
		};
/* End PBXTargetDependency section */

/* Begin PBXVariantGroup section */
		1833508F24CF33F8006D55F4 /* Main.storyboard */ = {
			isa = PBXVariantGroup;
			children = (
				1833509024CF33F8006D55F4 /* Base */,
			);
			name = Main.storyboard;
			sourceTree = "<group>";
		};
		1833509724CF33FB006D55F4 /* LaunchScreen.storyboard */ = {
			isa = PBXVariantGroup;
			children = (
				1833509824CF33FB006D55F4 /* Base */,
			);
			name = LaunchScreen.storyboard;
			sourceTree = "<group>";
		};
/* End PBXVariantGroup section */

/* Begin XCBuildConfiguration section */
		183350B124CF33FB006D55F4 /* Debug */ = {
			isa = XCBuildConfiguration;
			buildSettings = {
				ALWAYS_SEARCH_USER_PATHS = NO;
				CLANG_ANALYZER_NONNULL = YES;
				CLANG_ANALYZER_NUMBER_OBJECT_CONVERSION = YES_AGGRESSIVE;
				CLANG_CXX_LANGUAGE_STANDARD = "gnu++14";
				CLANG_CXX_LIBRARY = "libc++";
				CLANG_ENABLE_MODULES = YES;
				CLANG_ENABLE_OBJC_ARC = YES;
				CLANG_ENABLE_OBJC_WEAK = YES;
				CLANG_WARN_BLOCK_CAPTURE_AUTORELEASING = YES;
				CLANG_WARN_BOOL_CONVERSION = YES;
				CLANG_WARN_COMMA = YES;
				CLANG_WARN_CONSTANT_CONVERSION = YES;
				CLANG_WARN_DEPRECATED_OBJC_IMPLEMENTATIONS = YES;
				CLANG_WARN_DIRECT_OBJC_ISA_USAGE = YES_ERROR;
				CLANG_WARN_DOCUMENTATION_COMMENTS = YES;
				CLANG_WARN_EMPTY_BODY = YES;
				CLANG_WARN_ENUM_CONVERSION = YES;
				CLANG_WARN_INFINITE_RECURSION = YES;
				CLANG_WARN_INT_CONVERSION = YES;
				CLANG_WARN_NON_LITERAL_NULL_CONVERSION = YES;
				CLANG_WARN_OBJC_IMPLICIT_RETAIN_SELF = YES;
				CLANG_WARN_OBJC_LITERAL_CONVERSION = YES;
				CLANG_WARN_OBJC_ROOT_CLASS = YES_ERROR;
				CLANG_WARN_RANGE_LOOP_ANALYSIS = YES;
				CLANG_WARN_STRICT_PROTOTYPES = YES;
				CLANG_WARN_SUSPICIOUS_MOVE = YES;
				CLANG_WARN_UNGUARDED_AVAILABILITY = YES_AGGRESSIVE;
				CLANG_WARN_UNREACHABLE_CODE = YES;
				CLANG_WARN__DUPLICATE_METHOD_MATCH = YES;
				COPY_PHASE_STRIP = NO;
				DEBUG_INFORMATION_FORMAT = dwarf;
				ENABLE_STRICT_OBJC_MSGSEND = YES;
				ENABLE_TESTABILITY = YES;
				GCC_C_LANGUAGE_STANDARD = gnu11;
				GCC_DYNAMIC_NO_PIC = NO;
				GCC_NO_COMMON_BLOCKS = YES;
				GCC_OPTIMIZATION_LEVEL = 0;
				GCC_PREPROCESSOR_DEFINITIONS = (
					"DEBUG=1",
					"$(inherited)",
				);
				GCC_WARN_64_TO_32_BIT_CONVERSION = YES;
				GCC_WARN_ABOUT_RETURN_TYPE = YES_ERROR;
				GCC_WARN_UNDECLARED_SELECTOR = YES;
				GCC_WARN_UNINITIALIZED_AUTOS = YES_AGGRESSIVE;
				GCC_WARN_UNUSED_FUNCTION = YES;
				GCC_WARN_UNUSED_VARIABLE = YES;
				IPHONEOS_DEPLOYMENT_TARGET = 13.5;
				MTL_ENABLE_DEBUG_INFO = INCLUDE_SOURCE;
				MTL_FAST_MATH = YES;
				ONLY_ACTIVE_ARCH = YES;
				SDKROOT = iphoneos;
				SWIFT_ACTIVE_COMPILATION_CONDITIONS = DEBUG;
				SWIFT_OPTIMIZATION_LEVEL = "-Onone";
			};
			name = Debug;
		};
		183350B224CF33FB006D55F4 /* Release */ = {
			isa = XCBuildConfiguration;
			buildSettings = {
				ALWAYS_SEARCH_USER_PATHS = NO;
				CLANG_ANALYZER_NONNULL = YES;
				CLANG_ANALYZER_NUMBER_OBJECT_CONVERSION = YES_AGGRESSIVE;
				CLANG_CXX_LANGUAGE_STANDARD = "gnu++14";
				CLANG_CXX_LIBRARY = "libc++";
				CLANG_ENABLE_MODULES = YES;
				CLANG_ENABLE_OBJC_ARC = YES;
				CLANG_ENABLE_OBJC_WEAK = YES;
				CLANG_WARN_BLOCK_CAPTURE_AUTORELEASING = YES;
				CLANG_WARN_BOOL_CONVERSION = YES;
				CLANG_WARN_COMMA = YES;
				CLANG_WARN_CONSTANT_CONVERSION = YES;
				CLANG_WARN_DEPRECATED_OBJC_IMPLEMENTATIONS = YES;
				CLANG_WARN_DIRECT_OBJC_ISA_USAGE = YES_ERROR;
				CLANG_WARN_DOCUMENTATION_COMMENTS = YES;
				CLANG_WARN_EMPTY_BODY = YES;
				CLANG_WARN_ENUM_CONVERSION = YES;
				CLANG_WARN_INFINITE_RECURSION = YES;
				CLANG_WARN_INT_CONVERSION = YES;
				CLANG_WARN_NON_LITERAL_NULL_CONVERSION = YES;
				CLANG_WARN_OBJC_IMPLICIT_RETAIN_SELF = YES;
				CLANG_WARN_OBJC_LITERAL_CONVERSION = YES;
				CLANG_WARN_OBJC_ROOT_CLASS = YES_ERROR;
				CLANG_WARN_RANGE_LOOP_ANALYSIS = YES;
				CLANG_WARN_STRICT_PROTOTYPES = YES;
				CLANG_WARN_SUSPICIOUS_MOVE = YES;
				CLANG_WARN_UNGUARDED_AVAILABILITY = YES_AGGRESSIVE;
				CLANG_WARN_UNREACHABLE_CODE = YES;
				CLANG_WARN__DUPLICATE_METHOD_MATCH = YES;
				COPY_PHASE_STRIP = NO;
				DEBUG_INFORMATION_FORMAT = "dwarf-with-dsym";
				ENABLE_NS_ASSERTIONS = NO;
				ENABLE_STRICT_OBJC_MSGSEND = YES;
				GCC_C_LANGUAGE_STANDARD = gnu11;
				GCC_NO_COMMON_BLOCKS = YES;
				GCC_WARN_64_TO_32_BIT_CONVERSION = YES;
				GCC_WARN_ABOUT_RETURN_TYPE = YES_ERROR;
				GCC_WARN_UNDECLARED_SELECTOR = YES;
				GCC_WARN_UNINITIALIZED_AUTOS = YES_AGGRESSIVE;
				GCC_WARN_UNUSED_FUNCTION = YES;
				GCC_WARN_UNUSED_VARIABLE = YES;
				IPHONEOS_DEPLOYMENT_TARGET = 13.5;
				MTL_ENABLE_DEBUG_INFO = NO;
				MTL_FAST_MATH = YES;
				SDKROOT = iphoneos;
				SWIFT_COMPILATION_MODE = wholemodule;
				SWIFT_OPTIMIZATION_LEVEL = "-O";
				VALIDATE_PRODUCT = YES;
			};
			name = Release;
		};
		183350B424CF33FB006D55F4 /* Debug */ = {
			isa = XCBuildConfiguration;
			buildSettings = {
				ASSETCATALOG_COMPILER_APPICON_NAME = AppIcon;
				CODE_SIGN_STYLE = Automatic;
				INFOPLIST_FILE = "Message App (tryout)/Info.plist";
				LD_RUNPATH_SEARCH_PATHS = (
					"$(inherited)",
					"@executable_path/Frameworks",
				);
				PRODUCT_BUNDLE_IDENTIFIER = "KWK.Message-App--tryout-";
				PRODUCT_NAME = "$(TARGET_NAME)";
				SWIFT_VERSION = 5.0;
				TARGETED_DEVICE_FAMILY = "1,2";
			};
			name = Debug;
		};
		183350B524CF33FB006D55F4 /* Release */ = {
			isa = XCBuildConfiguration;
			buildSettings = {
				ASSETCATALOG_COMPILER_APPICON_NAME = AppIcon;
				CODE_SIGN_STYLE = Automatic;
				INFOPLIST_FILE = "Message App (tryout)/Info.plist";
				LD_RUNPATH_SEARCH_PATHS = (
					"$(inherited)",
					"@executable_path/Frameworks",
				);
				PRODUCT_BUNDLE_IDENTIFIER = "KWK.Message-App--tryout-";
				PRODUCT_NAME = "$(TARGET_NAME)";
				SWIFT_VERSION = 5.0;
				TARGETED_DEVICE_FAMILY = "1,2";
			};
			name = Release;
		};
		183350B724CF33FB006D55F4 /* Debug */ = {
			isa = XCBuildConfiguration;
			buildSettings = {
				ALWAYS_EMBED_SWIFT_STANDARD_LIBRARIES = YES;
				BUNDLE_LOADER = "$(TEST_HOST)";
				CODE_SIGN_STYLE = Automatic;
				INFOPLIST_FILE = "Message App (tryout)Tests/Info.plist";
				IPHONEOS_DEPLOYMENT_TARGET = 13.5;
				LD_RUNPATH_SEARCH_PATHS = (
					"$(inherited)",
					"@executable_path/Frameworks",
					"@loader_path/Frameworks",
				);
				PRODUCT_BUNDLE_IDENTIFIER = "KWK.Message-App--tryout-Tests";
				PRODUCT_NAME = "$(TARGET_NAME)";
				SWIFT_VERSION = 5.0;
				TARGETED_DEVICE_FAMILY = "1,2";
				TEST_HOST = "$(BUILT_PRODUCTS_DIR)/Message App (tryout).app/Message App (tryout)";
			};
			name = Debug;
		};
		183350B824CF33FB006D55F4 /* Release */ = {
			isa = XCBuildConfiguration;
			buildSettings = {
				ALWAYS_EMBED_SWIFT_STANDARD_LIBRARIES = YES;
				BUNDLE_LOADER = "$(TEST_HOST)";
				CODE_SIGN_STYLE = Automatic;
				INFOPLIST_FILE = "Message App (tryout)Tests/Info.plist";
				IPHONEOS_DEPLOYMENT_TARGET = 13.5;
				LD_RUNPATH_SEARCH_PATHS = (
					"$(inherited)",
					"@executable_path/Frameworks",
					"@loader_path/Frameworks",
				);
				PRODUCT_BUNDLE_IDENTIFIER = "KWK.Message-App--tryout-Tests";
				PRODUCT_NAME = "$(TARGET_NAME)";
				SWIFT_VERSION = 5.0;
				TARGETED_DEVICE_FAMILY = "1,2";
				TEST_HOST = "$(BUILT_PRODUCTS_DIR)/Message App (tryout).app/Message App (tryout)";
			};
			name = Release;
		};
		183350BA24CF33FB006D55F4 /* Debug */ = {
			isa = XCBuildConfiguration;
			buildSettings = {
				ALWAYS_EMBED_SWIFT_STANDARD_LIBRARIES = YES;
				CODE_SIGN_STYLE = Automatic;
				INFOPLIST_FILE = "Message App (tryout)UITests/Info.plist";
				LD_RUNPATH_SEARCH_PATHS = (
					"$(inherited)",
					"@executable_path/Frameworks",
					"@loader_path/Frameworks",
				);
				PRODUCT_BUNDLE_IDENTIFIER = "KWK.Message-App--tryout-UITests";
				PRODUCT_NAME = "$(TARGET_NAME)";
				SWIFT_VERSION = 5.0;
				TARGETED_DEVICE_FAMILY = "1,2";
				TEST_TARGET_NAME = "Message App (tryout)";
			};
			name = Debug;
		};
		183350BB24CF33FB006D55F4 /* Release */ = {
			isa = XCBuildConfiguration;
			buildSettings = {
				ALWAYS_EMBED_SWIFT_STANDARD_LIBRARIES = YES;
				CODE_SIGN_STYLE = Automatic;
				INFOPLIST_FILE = "Message App (tryout)UITests/Info.plist";
				LD_RUNPATH_SEARCH_PATHS = (
					"$(inherited)",
					"@executable_path/Frameworks",
					"@loader_path/Frameworks",
				);
				PRODUCT_BUNDLE_IDENTIFIER = "KWK.Message-App--tryout-UITests";
				PRODUCT_NAME = "$(TARGET_NAME)";
				SWIFT_VERSION = 5.0;
				TARGETED_DEVICE_FAMILY = "1,2";
				TEST_TARGET_NAME = "Message App (tryout)";
			};
			name = Release;
		};
/* End XCBuildConfiguration section */

/* Begin XCConfigurationList section */
		1833508124CF33F7006D55F4 /* Build configuration list for PBXProject "Message App (tryout)" */ = {
			isa = XCConfigurationList;
			buildConfigurations = (
				183350B124CF33FB006D55F4 /* Debug */,
				183350B224CF33FB006D55F4 /* Release */,
			);
			defaultConfigurationIsVisible = 0;
			defaultConfigurationName = Release;
		};
		183350B324CF33FB006D55F4 /* Build configuration list for PBXNativeTarget "Message App (tryout)" */ = {
			isa = XCConfigurationList;
			buildConfigurations = (
				183350B424CF33FB006D55F4 /* Debug */,
				183350B524CF33FB006D55F4 /* Release */,
			);
			defaultConfigurationIsVisible = 0;
			defaultConfigurationName = Release;
		};
		183350B624CF33FB006D55F4 /* Build configuration list for PBXNativeTarget "Message App (tryout)Tests" */ = {
			isa = XCConfigurationList;
			buildConfigurations = (
				183350B724CF33FB006D55F4 /* Debug */,
				183350B824CF33FB006D55F4 /* Release */,
			);
			defaultConfigurationIsVisible = 0;
			defaultConfigurationName = Release;
		};
		183350B924CF33FB006D55F4 /* Build configuration list for PBXNativeTarget "Message App (tryout)UITests" */ = {
			isa = XCConfigurationList;
			buildConfigurations = (
				183350BA24CF33FB006D55F4 /* Debug */,
				183350BB24CF33FB006D55F4 /* Release */,
			);
			defaultConfigurationIsVisible = 0;
			defaultConfigurationName = Release;
		};
/* End XCConfigurationList section */

/* Begin XCVersionGroup section */
		1833509224CF33F8006D55F4 /* Message_App__tryout_.xcdatamodeld */ = {
			isa = XCVersionGroup;
			children = (
				1833509324CF33F8006D55F4 /* Message_App__tryout_.xcdatamodel */,
			);
			currentVersion = 1833509324CF33F8006D55F4 /* Message_App__tryout_.xcdatamodel */;
			path = Message_App__tryout_.xcdatamodeld;
			sourceTree = "<group>";
			versionGroupType = wrapper.xcdatamodel;
		};
/* End XCVersionGroup section */
	};
	rootObject = 1833507E24CF33F7006D55F4 /* Project object */;
}
